{
  "name": "kudlac-prednasky",
  "version": "1.0.0",
  "lockfileVersion": 1,
  "requires": true,
  "dependencies": {
    "bootstrap": {
      "version": "4.2.1",
      "resolved": "https://registry.npmjs.org/bootstrap/-/bootstrap-4.2.1.tgz",
      "integrity": "sha512-tt/7vIv3Gm2mnd/WeDx36nfGGHleil0Wg8IeB7eMrVkY0fZ5iTaBisSh8oNANc2IBsCc6vCgCNTIM/IEN0+50Q=="
    },
    "bootstrap-datepicker": {
      "version": "1.8.0",
      "resolved": "https://registry.npmjs.org/bootstrap-datepicker/-/bootstrap-datepicker-1.8.0.tgz",
      "integrity": "sha1-xjUTkx5vCfFq6fEbYvMtlQ3zlY4=",
      "requires": {
        "jquery": ">=1.7.1 <4.0.0"
      }
    },
    "clockpicker": {
      "version": "github:djibe/clockpicker#1a57e602296cf58e60d746800c71248fd5e02448",
      "from": "github:djibe/clockpicker#gh-pages"
    },
    "jquery": {
      "version": "3.3.1",
      "resolved": "https://registry.npmjs.org/jquery/-/jquery-3.3.1.tgz",
      "integrity": "sha1-lYzinoHJeQ8xvneS311NlfxX+8o="
    },
    "jquery-ui-sortable": {
      "version": "1.0.0",
      "resolved": "https://registry.npmjs.org/jquery-ui-sortable/-/jquery-ui-sortable-1.0.0.tgz",
      "integrity": "sha1-DuBizgKymzZYXt46Pg3d5mYGD5Y="
    },
    "nette-forms": {
      "version": "2.4.9",
      "resolved": "https://registry.npmjs.org/nette-forms/-/nette-forms-2.4.9.tgz",
      "integrity": "sha512-uezQ4b+yn9e91u7RVi2DTddzybbSotilkEF8ZoyefQ+KmmrZj9sCg/PkNu7BgUFrI3KsNEBEpDcwnmo7A/hxvA=="
    },
    "nette.ajax.js": {
      "version": "2.3.0",
      "resolved": "https://registry.npmjs.org/nette.ajax.js/-/nette.ajax.js-2.3.0.tgz",
      "integrity": "sha1-QmdSyyoAmIVw7XCqK9xY0HLMA1Q="
    },
    "popper.js": {
      "version": "1.14.6",
      "resolved": "https://registry.npmjs.org/popper.js/-/popper.js-1.14.6.tgz",
      "integrity": "sha512-AGwHGQBKumlk/MDfrSOf0JHhJCImdDMcGNoqKmKkU+68GFazv3CQ6q9r7Ja1sKDZmYWTckY/uLyEznheTDycnA=="
    },
    "ublaboo-datagrid": {
      "version": "5.7.0",
      "resolved": "https://registry.npmjs.org/ublaboo-datagrid/-/ublaboo-datagrid-5.7.0.tgz",
      "integrity": "sha512-qjLdnkTrOuGmjtYlqmeIQSNxTwxZWMKuGhpqXIKXZt1l42iWmZy1mISdCn+qgDCgfNti3MMBVmIue0eTIsIJGQ=="
    }
  }
}
